// !$*UTF8*$!
{
	archiveVersion = 1;
	classes = {
	};
	objectVersion = 50;
	objects = {

/* Begin PBXBuildFile section */
		6172C7B922E3F318002EEDA3 /* AppDelegate.swift in Sources */ = {isa = PBXBuildFile; fileRef = 6172C7B822E3F318002EEDA3 /* AppDelegate.swift */; };
		6172C7BB22E3F318002EEDA3 /* TriviaMainVC.swift in Sources */ = {isa = PBXBuildFile; fileRef = 6172C7BA22E3F318002EEDA3 /* TriviaMainVC.swift */; };
		6172C7BE22E3F318002EEDA3 /* Main.storyboard in Resources */ = {isa = PBXBuildFile; fileRef = 6172C7BC22E3F318002EEDA3 /* Main.storyboard */; };
		6172C7C122E3F318002EEDA3 /* Trivia.xcdatamodeld in Sources */ = {isa = PBXBuildFile; fileRef = 6172C7BF22E3F318002EEDA3 /* Trivia.xcdatamodeld */; };
		6172C7C322E3F31B002EEDA3 /* Assets.xcassets in Resources */ = {isa = PBXBuildFile; fileRef = 6172C7C222E3F31B002EEDA3 /* Assets.xcassets */; };
		6172C7C622E3F31B002EEDA3 /* LaunchScreen.storyboard in Resources */ = {isa = PBXBuildFile; fileRef = 6172C7C422E3F31B002EEDA3 /* LaunchScreen.storyboard */; };
		6172C7D322E3F7A7002EEDA3 /* SettingsVC.swift in Sources */ = {isa = PBXBuildFile; fileRef = 6172C7D222E3F7A7002EEDA3 /* SettingsVC.swift */; };
		61DAE8FB22E3F83300353102 /* CategoryListVC.swift in Sources */ = {isa = PBXBuildFile; fileRef = 61DAE8FA22E3F83300353102 /* CategoryListVC.swift */; };
		61DAE8FD22E3FF0A00353102 /* StatsMainVC.swift in Sources */ = {isa = PBXBuildFile; fileRef = 61DAE8FC22E3FF0A00353102 /* StatsMainVC.swift */; };
/* End PBXBuildFile section */

/* Begin PBXFileReference section */
		6172C7B522E3F318002EEDA3 /* Trivia.app */ = {isa = PBXFileReference; explicitFileType = wrapper.application; includeInIndex = 0; path = Trivia.app; sourceTree = BUILT_PRODUCTS_DIR; };
		6172C7B822E3F318002EEDA3 /* AppDelegate.swift */ = {isa = PBXFileReference; lastKnownFileType = sourcecode.swift; path = AppDelegate.swift; sourceTree = "<group>"; };
		6172C7BA22E3F318002EEDA3 /* TriviaMainVC.swift */ = {isa = PBXFileReference; lastKnownFileType = sourcecode.swift; path = TriviaMainVC.swift; sourceTree = "<group>"; };
		6172C7BD22E3F318002EEDA3 /* Base */ = {isa = PBXFileReference; lastKnownFileType = file.storyboard; name = Base; path = Base.lproj/Main.storyboard; sourceTree = "<group>"; };
		6172C7C022E3F318002EEDA3 /* Trivia.xcdatamodel */ = {isa = PBXFileReference; lastKnownFileType = wrapper.xcdatamodel; path = Trivia.xcdatamodel; sourceTree = "<group>"; };
		6172C7C222E3F31B002EEDA3 /* Assets.xcassets */ = {isa = PBXFileReference; lastKnownFileType = folder.assetcatalog; path = Assets.xcassets; sourceTree = "<group>"; };
		6172C7C522E3F31B002EEDA3 /* Base */ = {isa = PBXFileReference; lastKnownFileType = file.storyboard; name = Base; path = Base.lproj/LaunchScreen.storyboard; sourceTree = "<group>"; };
		6172C7C722E3F31B002EEDA3 /* Info.plist */ = {isa = PBXFileReference; lastKnownFileType = text.plist.xml; path = Info.plist; sourceTree = "<group>"; };
		6172C7D222E3F7A7002EEDA3 /* SettingsVC.swift */ = {isa = PBXFileReference; lastKnownFileType = sourcecode.swift; path = SettingsVC.swift; sourceTree = "<group>"; };
		61DAE8FA22E3F83300353102 /* CategoryListVC.swift */ = {isa = PBXFileReference; lastKnownFileType = sourcecode.swift; path = CategoryListVC.swift; sourceTree = "<group>"; };
		61DAE8FC22E3FF0A00353102 /* StatsMainVC.swift */ = {isa = PBXFileReference; lastKnownFileType = sourcecode.swift; path = StatsMainVC.swift; sourceTree = "<group>"; };
/* End PBXFileReference section */

/* Begin PBXFrameworksBuildPhase section */
		6172C7B222E3F318002EEDA3 /* Frameworks */ = {
			isa = PBXFrameworksBuildPhase;
			buildActionMask = 2147483647;
			files = (
			);
			runOnlyForDeploymentPostprocessing = 0;
		};
/* End PBXFrameworksBuildPhase section */

/* Begin PBXGroup section */
		6172C7AC22E3F318002EEDA3 = {
			isa = PBXGroup;
			children = (
				6172C7B722E3F318002EEDA3 /* Trivia */,
				6172C7B622E3F318002EEDA3 /* Products */,
			);
			sourceTree = "<group>";
		};
		6172C7B622E3F318002EEDA3 /* Products */ = {
			isa = PBXGroup;
			children = (
				6172C7B522E3F318002EEDA3 /* Trivia.app */,
			);
			name = Products;
			sourceTree = "<group>";
		};
		6172C7B722E3F318002EEDA3 /* Trivia */ = {
			isa = PBXGroup;
			children = (
				6172C7D122E3F738002EEDA3 /* Assets */,
				6172C7D022E3F720002EEDA3 /* OpenDBClient */,
				6172C7CE22E3F6F7002EEDA3 /* Controller */,
				6172C7CD22E3F6F1002EEDA3 /* Model */,
				6172C7B822E3F318002EEDA3 /* AppDelegate.swift */,
				6172C7C722E3F31B002EEDA3 /* Info.plist */,
				6172C7BF22E3F318002EEDA3 /* Trivia.xcdatamodeld */,
			);
			path = Trivia;
			sourceTree = "<group>";
		};
		6172C7CD22E3F6F1002EEDA3 /* Model */ = {
			isa = PBXGroup;
			children = (
			);
			path = Model;
			sourceTree = "<group>";
		};
		6172C7CE22E3F6F7002EEDA3 /* Controller */ = {
			isa = PBXGroup;
			children = (
				6172C7BA22E3F318002EEDA3 /* TriviaMainVC.swift */,
				6172C7D222E3F7A7002EEDA3 /* SettingsVC.swift */,
				61DAE8FA22E3F83300353102 /* CategoryListVC.swift */,
				61DAE8FC22E3FF0A00353102 /* StatsMainVC.swift */,
			);
			path = Controller;
			sourceTree = "<group>";
		};
		6172C7D022E3F720002EEDA3 /* OpenDBClient */ = {
			isa = PBXGroup;
			children = (
			);
			path = OpenDBClient;
			sourceTree = "<group>";
		};
		6172C7D122E3F738002EEDA3 /* Assets */ = {
			isa = PBXGroup;
			children = (
				6172C7BC22E3F318002EEDA3 /* Main.storyboard */,
				6172C7C222E3F31B002EEDA3 /* Assets.xcassets */,
				6172C7C422E3F31B002EEDA3 /* LaunchScreen.storyboard */,
			);
			path = Assets;
			sourceTree = "<group>";
		};
/* End PBXGroup section */

/* Begin PBXNativeTarget section */
		6172C7B422E3F318002EEDA3 /* Trivia */ = {
			isa = PBXNativeTarget;
			buildConfigurationList = 6172C7CA22E3F31B002EEDA3 /* Build configuration list for PBXNativeTarget "Trivia" */;
			buildPhases = (
				6172C7B122E3F318002EEDA3 /* Sources */,
				6172C7B222E3F318002EEDA3 /* Frameworks */,
				6172C7B322E3F318002EEDA3 /* Resources */,
			);
			buildRules = (
			);
			dependencies = (
			);
			name = Trivia;
			productName = Trivia;
			productReference = 6172C7B522E3F318002EEDA3 /* Trivia.app */;
			productType = "com.apple.product-type.application";
		};
/* End PBXNativeTarget section */

/* Begin PBXProject section */
		6172C7AD22E3F318002EEDA3 /* Project object */ = {
			isa = PBXProject;
			attributes = {
				LastSwiftUpdateCheck = 1020;
				LastUpgradeCheck = 1020;
				ORGANIZATIONNAME = "Sam Rich";
				TargetAttributes = {
					6172C7B422E3F318002EEDA3 = {
						CreatedOnToolsVersion = 10.2.1;
					};
				};
			};
			buildConfigurationList = 6172C7B022E3F318002EEDA3 /* Build configuration list for PBXProject "Trivia" */;
			compatibilityVersion = "Xcode 9.3";
			developmentRegion = en;
			hasScannedForEncodings = 0;
			knownRegions = (
				en,
				Base,
			);
			mainGroup = 6172C7AC22E3F318002EEDA3;
			productRefGroup = 6172C7B622E3F318002EEDA3 /* Products */;
			projectDirPath = "";
			projectRoot = "";
			targets = (
				6172C7B422E3F318002EEDA3 /* Trivia */,
			);
		};
/* End PBXProject section */

/* Begin PBXResourcesBuildPhase section */
		6172C7B322E3F318002EEDA3 /* Resources */ = {
			isa = PBXResourcesBuildPhase;
			buildActionMask = 2147483647;
			files = (
				6172C7C622E3F31B002EEDA3 /* LaunchScreen.storyboard in Resources */,
				6172C7C322E3F31B002EEDA3 /* Assets.xcassets in Resources */,
				6172C7BE22E3F318002EEDA3 /* Main.storyboard in Resources */,
			);
			runOnlyForDeploymentPostprocessing = 0;
		};
/* End PBXResourcesBuildPhase section */

/* Begin PBXSourcesBuildPhase section */
		6172C7B122E3F318002EEDA3 /* Sources */ = {
			isa = PBXSourcesBuildPhase;
			buildActionMask = 2147483647;
			files = (
				61DAE8FB22E3F83300353102 /* CategoryListVC.swift in Sources */,
				6172C7BB22E3F318002EEDA3 /* TriviaMainVC.swift in Sources */,
				6172C7D322E3F7A7002EEDA3 /* SettingsVC.swift in Sources */,
				61DAE8FD22E3FF0A00353102 /* StatsMainVC.swift in Sources */,
				6172C7B922E3F318002EEDA3 /* AppDelegate.swift in Sources */,
				6172C7C122E3F318002EEDA3 /* Trivia.xcdatamodeld in Sources */,
			);
			runOnlyForDeploymentPostprocessing = 0;
		};
/* End PBXSourcesBuildPhase section */

/* Begin PBXVariantGroup section */
		6172C7BC22E3F318002EEDA3 /* Main.storyboard */ = {
			isa = PBXVariantGroup;
			children = (
				6172C7BD22E3F318002EEDA3 /* Base */,
			);
			name = Main.storyboard;
			sourceTree = "<group>";
		};
		6172C7C422E3F31B002EEDA3 /* LaunchScreen.storyboard */ = {
			isa = PBXVariantGroup;
			children = (
				6172C7C522E3F31B002EEDA3 /* Base */,
			);
			name = LaunchScreen.storyboard;
			sourceTree = "<group>";
		};
/* End PBXVariantGroup section */

/* Begin XCBuildConfiguration section */
		6172C7C822E3F31B002EEDA3 /* Debug */ = {
			isa = XCBuildConfiguration;
			buildSettings = {
				ALWAYS_SEARCH_USER_PATHS = NO;
				CLANG_ANALYZER_NONNULL = YES;
				CLANG_ANALYZER_NUMBER_OBJECT_CONVERSION = YES_AGGRESSIVE;
				CLANG_CXX_LANGUAGE_STANDARD = "gnu++14";
				CLANG_CXX_LIBRARY = "libc++";
				CLANG_ENABLE_MODULES = YES;
				CLANG_ENABLE_OBJC_ARC = YES;
				CLANG_ENABLE_OBJC_WEAK = YES;
				CLANG_WARN_BLOCK_CAPTURE_AUTORELEASING = YES;
				CLANG_WARN_BOOL_CONVERSION = YES;
				CLANG_WARN_COMMA = YES;
				CLANG_WARN_CONSTANT_CONVERSION = YES;
				CLANG_WARN_DEPRECATED_OBJC_IMPLEMENTATIONS = YES;
				CLANG_WARN_DIRECT_OBJC_ISA_USAGE = YES_ERROR;
				CLANG_WARN_DOCUMENTATION_COMMENTS = YES;
				CLANG_WARN_EMPTY_BODY = YES;
				CLANG_WARN_ENUM_CONVERSION = YES;
				CLANG_WARN_INFINITE_RECURSION = YES;
				CLANG_WARN_INT_CONVERSION = YES;
				CLANG_WARN_NON_LITERAL_NULL_CONVERSION = YES;
				CLANG_WARN_OBJC_IMPLICIT_RETAIN_SELF = YES;
				CLANG_WARN_OBJC_LITERAL_CONVERSION = YES;
				CLANG_WARN_OBJC_ROOT_CLASS = YES_ERROR;
				CLANG_WARN_RANGE_LOOP_ANALYSIS = YES;
				CLANG_WARN_STRICT_PROTOTYPES = YES;
				CLANG_WARN_SUSPICIOUS_MOVE = YES;
				CLANG_WARN_UNGUARDED_AVAILABILITY = YES_AGGRESSIVE;
				CLANG_WARN_UNREACHABLE_CODE = YES;
				CLANG_WARN__DUPLICATE_METHOD_MATCH = YES;
				CODE_SIGN_IDENTITY = "iPhone Developer";
				COPY_PHASE_STRIP = NO;
				DEBUG_INFORMATION_FORMAT = dwarf;
				ENABLE_STRICT_OBJC_MSGSEND = YES;
				ENABLE_TESTABILITY = YES;
				GCC_C_LANGUAGE_STANDARD = gnu11;
				GCC_DYNAMIC_NO_PIC = NO;
				GCC_NO_COMMON_BLOCKS = YES;
				GCC_OPTIMIZATION_LEVEL = 0;
				GCC_PREPROCESSOR_DEFINITIONS = (
					"DEBUG=1",
					"$(inherited)",
				);
				GCC_WARN_64_TO_32_BIT_CONVERSION = YES;
				GCC_WARN_ABOUT_RETURN_TYPE = YES_ERROR;
				GCC_WARN_UNDECLARED_SELECTOR = YES;
				GCC_WARN_UNINITIALIZED_AUTOS = YES_AGGRESSIVE;
				GCC_WARN_UNUSED_FUNCTION = YES;
				GCC_WARN_UNUSED_VARIABLE = YES;
				IPHONEOS_DEPLOYMENT_TARGET = 12.2;
				MTL_ENABLE_DEBUG_INFO = INCLUDE_SOURCE;
				MTL_FAST_MATH = YES;
				ONLY_ACTIVE_ARCH = YES;
				SDKROOT = iphoneos;
				SWIFT_ACTIVE_COMPILATION_CONDITIONS = DEBUG;
				SWIFT_OPTIMIZATION_LEVEL = "-Onone";
			};
			name = Debug;
		};
		6172C7C922E3F31B002EEDA3 /* Release */ = {
			isa = XCBuildConfiguration;
			buildSettings = {
				ALWAYS_SEARCH_USER_PATHS = NO;
				CLANG_ANALYZER_NONNULL = YES;
				CLANG_ANALYZER_NUMBER_OBJECT_CONVERSION = YES_AGGRESSIVE;
				CLANG_CXX_LANGUAGE_STANDARD = "gnu++14";
				CLANG_CXX_LIBRARY = "libc++";
				CLANG_ENABLE_MODULES = YES;
				CLANG_ENABLE_OBJC_ARC = YES;
				CLANG_ENABLE_OBJC_WEAK = YES;
				CLANG_WARN_BLOCK_CAPTURE_AUTORELEASING = YES;
				CLANG_WARN_BOOL_CONVERSION = YES;
				CLANG_WARN_COMMA = YES;
				CLANG_WARN_CONSTANT_CONVERSION = YES;
				CLANG_WARN_DEPRECATED_OBJC_IMPLEMENTATIONS = YES;
				CLANG_WARN_DIRECT_OBJC_ISA_USAGE = YES_ERROR;
				CLANG_WARN_DOCUMENTATION_COMMENTS = YES;
				CLANG_WARN_EMPTY_BODY = YES;
				CLANG_WARN_ENUM_CONVERSION = YES;
				CLANG_WARN_INFINITE_RECURSION = YES;
				CLANG_WARN_INT_CONVERSION = YES;
				CLANG_WARN_NON_LITERAL_NULL_CONVERSION = YES;
				CLANG_WARN_OBJC_IMPLICIT_RETAIN_SELF = YES;
				CLANG_WARN_OBJC_LITERAL_CONVERSION = YES;
				CLANG_WARN_OBJC_ROOT_CLASS = YES_ERROR;
				CLANG_WARN_RANGE_LOOP_ANALYSIS = YES;
				CLANG_WARN_STRICT_PROTOTYPES = YES;
				CLANG_WARN_SUSPICIOUS_MOVE = YES;
				CLANG_WARN_UNGUARDED_AVAILABILITY = YES_AGGRESSIVE;
				CLANG_WARN_UNREACHABLE_CODE = YES;
				CLANG_WARN__DUPLICATE_METHOD_MATCH = YES;
				CODE_SIGN_IDENTITY = "iPhone Developer";
				COPY_PHASE_STRIP = NO;
				DEBUG_INFORMATION_FORMAT = "dwarf-with-dsym";
				ENABLE_NS_ASSERTIONS = NO;
				ENABLE_STRICT_OBJC_MSGSEND = YES;
				GCC_C_LANGUAGE_STANDARD = gnu11;
				GCC_NO_COMMON_BLOCKS = YES;
				GCC_WARN_64_TO_32_BIT_CONVERSION = YES;
				GCC_WARN_ABOUT_RETURN_TYPE = YES_ERROR;
				GCC_WARN_UNDECLARED_SELECTOR = YES;
				GCC_WARN_UNINITIALIZED_AUTOS = YES_AGGRESSIVE;
				GCC_WARN_UNUSED_FUNCTION = YES;
				GCC_WARN_UNUSED_VARIABLE = YES;
				IPHONEOS_DEPLOYMENT_TARGET = 12.2;
				MTL_ENABLE_DEBUG_INFO = NO;
				MTL_FAST_MATH = YES;
				SDKROOT = iphoneos;
				SWIFT_COMPILATION_MODE = wholemodule;
				SWIFT_OPTIMIZATION_LEVEL = "-O";
				VALIDATE_PRODUCT = YES;
			};
			name = Release;
		};
		6172C7CB22E3F31B002EEDA3 /* Debug */ = {
			isa = XCBuildConfiguration;
			buildSettings = {
				ASSETCATALOG_COMPILER_APPICON_NAME = AppIcon;
				CODE_SIGN_STYLE = Automatic;
				DEVELOPMENT_TEAM = X7KL4WJBFP;
				INFOPLIST_FILE = Trivia/Info.plist;
				LD_RUNPATH_SEARCH_PATHS = (
					"$(inherited)",
					"@executable_path/Frameworks",
				);
				PRODUCT_BUNDLE_IDENTIFIER = com.udacity.Trivia;
				PRODUCT_NAME = "$(TARGET_NAME)";
				SWIFT_VERSION = 5.0;
				TARGETED_DEVICE_FAMILY = "1,2";
			};
			name = Debug;
		};
		6172C7CC22E3F31B002EEDA3 /* Release */ = {
			isa = XCBuildConfiguration;
			buildSettings = {
				ASSETCATALOG_COMPILER_APPICON_NAME = AppIcon;
				CODE_SIGN_STYLE = Automatic;
				DEVELOPMENT_TEAM = X7KL4WJBFP;
				INFOPLIST_FILE = Trivia/Info.plist;
				LD_RUNPATH_SEARCH_PATHS = (
					"$(inherited)",
					"@executable_path/Frameworks",
				);
				PRODUCT_BUNDLE_IDENTIFIER = com.udacity.Trivia;
				PRODUCT_NAME = "$(TARGET_NAME)";
				SWIFT_VERSION = 5.0;
				TARGETED_DEVICE_FAMILY = "1,2";
			};
			name = Release;
		};
/* End XCBuildConfiguration section */

/* Begin XCConfigurationList section */
		6172C7B022E3F318002EEDA3 /* Build configuration list for PBXProject "Trivia" */ = {
			isa = XCConfigurationList;
			buildConfigurations = (
				6172C7C822E3F31B002EEDA3 /* Debug */,
				6172C7C922E3F31B002EEDA3 /* Release */,
			);
			defaultConfigurationIsVisible = 0;
			defaultConfigurationName = Release;
		};
		6172C7CA22E3F31B002EEDA3 /* Build configuration list for PBXNativeTarget "Trivia" */ = {
			isa = XCConfigurationList;
			buildConfigurations = (
				6172C7CB22E3F31B002EEDA3 /* Debug */,
				6172C7CC22E3F31B002EEDA3 /* Release */,
			);
			defaultConfigurationIsVisible = 0;
			defaultConfigurationName = Release;
		};
/* End XCConfigurationList section */

/* Begin XCVersionGroup section */
		6172C7BF22E3F318002EEDA3 /* Trivia.xcdatamodeld */ = {
			isa = XCVersionGroup;
			children = (
				6172C7C022E3F318002EEDA3 /* Trivia.xcdatamodel */,
			);
			currentVersion = 6172C7C022E3F318002EEDA3 /* Trivia.xcdatamodel */;
			path = Trivia.xcdatamodeld;
			sourceTree = "<group>";
			versionGroupType = wrapper.xcdatamodel;
		};
/* End XCVersionGroup section */
	};
	rootObject = 6172C7AD22E3F318002EEDA3 /* Project object */;
}
