// !$*UTF8*$!
{
	archiveVersion = 1;
	classes = {
	};
	objectVersion = 50;
	objects = {

/* Begin PBXBuildFile section */
		618E5775229F02DB002AE331 /* AppDelegate.swift in Sources */ = {isa = PBXBuildFile; fileRef = 618E5774229F02DB002AE331 /* AppDelegate.swift */; };
		618E5777229F02DC002AE331 /* MapVC.swift in Sources */ = {isa = PBXBuildFile; fileRef = 618E5776229F02DC002AE331 /* MapVC.swift */; };
		618E5779229F02DC002AE331 /* TableListVC.swift in Sources */ = {isa = PBXBuildFile; fileRef = 618E5778229F02DC002AE331 /* TableListVC.swift */; };
		618E577C229F02DC002AE331 /* Main.storyboard in Resources */ = {isa = PBXBuildFile; fileRef = 618E577A229F02DC002AE331 /* Main.storyboard */; };
		618E577E229F02DD002AE331 /* Assets.xcassets in Resources */ = {isa = PBXBuildFile; fileRef = 618E577D229F02DD002AE331 /* Assets.xcassets */; };
		618E5781229F02DD002AE331 /* LaunchScreen.storyboard in Resources */ = {isa = PBXBuildFile; fileRef = 618E577F229F02DD002AE331 /* LaunchScreen.storyboard */; };
		618E578D229F0A09002AE331 /* LoginVC.swift in Sources */ = {isa = PBXBuildFile; fileRef = 618E578C229F0A09002AE331 /* LoginVC.swift */; };
		61F9E57A22AEDA1B009FD0E6 /* LoginResponse.swift in Sources */ = {isa = PBXBuildFile; fileRef = 61F9E57922AEDA1B009FD0E6 /* LoginResponse.swift */; };
		61F9E57D22AFEE97009FD0E6 /* UserData.swift in Sources */ = {isa = PBXBuildFile; fileRef = 61F9E57C22AFEE97009FD0E6 /* UserData.swift */; };
		61F9E58122AFEF86009FD0E6 /* StudentInformation.swift in Sources */ = {isa = PBXBuildFile; fileRef = 61F9E58022AFEF86009FD0E6 /* StudentInformation.swift */; };
		61F9E58422AFF1DB009FD0E6 /* UdacityClient.swift in Sources */ = {isa = PBXBuildFile; fileRef = 61F9E58322AFF1DB009FD0E6 /* UdacityClient.swift */; };
		61F9E58622AFF667009FD0E6 /* DataModel.swift in Sources */ = {isa = PBXBuildFile; fileRef = 61F9E58522AFF667009FD0E6 /* DataModel.swift */; };
/* End PBXBuildFile section */

/* Begin PBXFileReference section */
		618E5771229F02DB002AE331 /* On The Map.app */ = {isa = PBXFileReference; explicitFileType = wrapper.application; includeInIndex = 0; path = "On The Map.app"; sourceTree = BUILT_PRODUCTS_DIR; };
		618E5774229F02DB002AE331 /* AppDelegate.swift */ = {isa = PBXFileReference; lastKnownFileType = sourcecode.swift; path = AppDelegate.swift; sourceTree = "<group>"; };
		618E5776229F02DC002AE331 /* MapVC.swift */ = {isa = PBXFileReference; lastKnownFileType = sourcecode.swift; path = MapVC.swift; sourceTree = "<group>"; };
		618E5778229F02DC002AE331 /* TableListVC.swift */ = {isa = PBXFileReference; lastKnownFileType = sourcecode.swift; path = TableListVC.swift; sourceTree = "<group>"; };
		618E577B229F02DC002AE331 /* Base */ = {isa = PBXFileReference; lastKnownFileType = file.storyboard; name = Base; path = Base.lproj/Main.storyboard; sourceTree = "<group>"; };
		618E577D229F02DD002AE331 /* Assets.xcassets */ = {isa = PBXFileReference; lastKnownFileType = folder.assetcatalog; path = Assets.xcassets; sourceTree = "<group>"; };
		618E5780229F02DD002AE331 /* Base */ = {isa = PBXFileReference; lastKnownFileType = file.storyboard; name = Base; path = Base.lproj/LaunchScreen.storyboard; sourceTree = "<group>"; };
		618E5782229F02DD002AE331 /* Info.plist */ = {isa = PBXFileReference; lastKnownFileType = text.plist.xml; path = Info.plist; sourceTree = "<group>"; };
		618E578C229F0A09002AE331 /* LoginVC.swift */ = {isa = PBXFileReference; lastKnownFileType = sourcecode.swift; path = LoginVC.swift; sourceTree = "<group>"; };
		61F9E57922AEDA1B009FD0E6 /* LoginResponse.swift */ = {isa = PBXFileReference; lastKnownFileType = sourcecode.swift; path = LoginResponse.swift; sourceTree = "<group>"; };
		61F9E57C22AFEE97009FD0E6 /* UserData.swift */ = {isa = PBXFileReference; lastKnownFileType = sourcecode.swift; path = UserData.swift; sourceTree = "<group>"; };
		61F9E58022AFEF86009FD0E6 /* StudentInformation.swift */ = {isa = PBXFileReference; lastKnownFileType = sourcecode.swift; path = StudentInformation.swift; sourceTree = "<group>"; };
		61F9E58322AFF1DB009FD0E6 /* UdacityClient.swift */ = {isa = PBXFileReference; lastKnownFileType = sourcecode.swift; path = UdacityClient.swift; sourceTree = "<group>"; };
		61F9E58522AFF667009FD0E6 /* DataModel.swift */ = {isa = PBXFileReference; lastKnownFileType = sourcecode.swift; path = DataModel.swift; sourceTree = "<group>"; };
/* End PBXFileReference section */

/* Begin PBXFrameworksBuildPhase section */
		618E576E229F02DB002AE331 /* Frameworks */ = {
			isa = PBXFrameworksBuildPhase;
			buildActionMask = 2147483647;
			files = (
			);
			runOnlyForDeploymentPostprocessing = 0;
		};
/* End PBXFrameworksBuildPhase section */

/* Begin PBXGroup section */
		618E5768229F02DB002AE331 = {
			isa = PBXGroup;
			children = (
				618E5773229F02DB002AE331 /* On The Map */,
				618E5772229F02DB002AE331 /* Products */,
			);
			sourceTree = "<group>";
		};
		618E5772229F02DB002AE331 /* Products */ = {
			isa = PBXGroup;
			children = (
				618E5771229F02DB002AE331 /* On The Map.app */,
			);
			name = Products;
			sourceTree = "<group>";
		};
		618E5773229F02DB002AE331 /* On The Map */ = {
			isa = PBXGroup;
			children = (
				61F9E58222AFF1C0009FD0E6 /* UdacityClient */,
				61F9E57B22AFEE71009FD0E6 /* Data */,
				618E578B229F03A0002AE331 /* Assets */,
				618E578A229F031C002AE331 /* Controller */,
				618E5789229F0316002AE331 /* Model */,
				618E5788229F030B002AE331 /* View */,
				618E5774229F02DB002AE331 /* AppDelegate.swift */,
				618E5782229F02DD002AE331 /* Info.plist */,
			);
			path = "On The Map";
			sourceTree = "<group>";
		};
		618E5788229F030B002AE331 /* View */ = {
			isa = PBXGroup;
			children = (
			);
			path = View;
			sourceTree = "<group>";
		};
		618E5789229F0316002AE331 /* Model */ = {
			isa = PBXGroup;
			children = (
				61F9E57922AEDA1B009FD0E6 /* LoginResponse.swift */,
				61F9E58022AFEF86009FD0E6 /* StudentInformation.swift */,
			);
			path = Model;
			sourceTree = "<group>";
		};
		618E578A229F031C002AE331 /* Controller */ = {
			isa = PBXGroup;
			children = (
				618E5776229F02DC002AE331 /* MapVC.swift */,
				618E5778229F02DC002AE331 /* TableListVC.swift */,
				618E578C229F0A09002AE331 /* LoginVC.swift */,
			);
			path = Controller;
			sourceTree = "<group>";
		};
		618E578B229F03A0002AE331 /* Assets */ = {
			isa = PBXGroup;
			children = (
				618E577D229F02DD002AE331 /* Assets.xcassets */,
				618E577F229F02DD002AE331 /* LaunchScreen.storyboard */,
				618E577A229F02DC002AE331 /* Main.storyboard */,
			);
			path = Assets;
			sourceTree = "<group>";
		};
		61F9E57B22AFEE71009FD0E6 /* Data */ = {
			isa = PBXGroup;
			children = (
				61F9E57C22AFEE97009FD0E6 /* UserData.swift */,
				61F9E58522AFF667009FD0E6 /* DataModel.swift */,
			);
			path = Data;
			sourceTree = "<group>";
		};
		61F9E58222AFF1C0009FD0E6 /* UdacityClient */ = {
			isa = PBXGroup;
			children = (
				61F9E58322AFF1DB009FD0E6 /* UdacityClient.swift */,
			);
			path = UdacityClient;
			sourceTree = "<group>";
		};
/* End PBXGroup section */

/* Begin PBXNativeTarget section */
		618E5770229F02DB002AE331 /* On The Map */ = {
			isa = PBXNativeTarget;
			buildConfigurationList = 618E5785229F02DD002AE331 /* Build configuration list for PBXNativeTarget "On The Map" */;
			buildPhases = (
				618E576D229F02DB002AE331 /* Sources */,
				618E576E229F02DB002AE331 /* Frameworks */,
				618E576F229F02DB002AE331 /* Resources */,
			);
			buildRules = (
			);
			dependencies = (
			);
			name = "On The Map";
			productName = "On The Map";
			productReference = 618E5771229F02DB002AE331 /* On The Map.app */;
			productType = "com.apple.product-type.application";
		};
/* End PBXNativeTarget section */

/* Begin PBXProject section */
		618E5769229F02DB002AE331 /* Project object */ = {
			isa = PBXProject;
			attributes = {
				LastSwiftUpdateCheck = 1010;
				LastUpgradeCheck = 1010;
				ORGANIZATIONNAME = "Sam Rich";
				TargetAttributes = {
					618E5770229F02DB002AE331 = {
						CreatedOnToolsVersion = 10.1;
					};
				};
			};
			buildConfigurationList = 618E576C229F02DB002AE331 /* Build configuration list for PBXProject "On The Map" */;
			compatibilityVersion = "Xcode 9.3";
			developmentRegion = en;
			hasScannedForEncodings = 0;
			knownRegions = (
				en,
				Base,
			);
			mainGroup = 618E5768229F02DB002AE331;
			productRefGroup = 618E5772229F02DB002AE331 /* Products */;
			projectDirPath = "";
			projectRoot = "";
			targets = (
				618E5770229F02DB002AE331 /* On The Map */,
			);
		};
/* End PBXProject section */

/* Begin PBXResourcesBuildPhase section */
		618E576F229F02DB002AE331 /* Resources */ = {
			isa = PBXResourcesBuildPhase;
			buildActionMask = 2147483647;
			files = (
				618E5781229F02DD002AE331 /* LaunchScreen.storyboard in Resources */,
				618E577E229F02DD002AE331 /* Assets.xcassets in Resources */,
				618E577C229F02DC002AE331 /* Main.storyboard in Resources */,
			);
			runOnlyForDeploymentPostprocessing = 0;
		};
/* End PBXResourcesBuildPhase section */

/* Begin PBXSourcesBuildPhase section */
		618E576D229F02DB002AE331 /* Sources */ = {
			isa = PBXSourcesBuildPhase;
			buildActionMask = 2147483647;
			files = (
				61F9E58122AFEF86009FD0E6 /* StudentInformation.swift in Sources */,
				61F9E57D22AFEE97009FD0E6 /* UserData.swift in Sources */,
				618E5779229F02DC002AE331 /* TableListVC.swift in Sources */,
				618E5775229F02DB002AE331 /* AppDelegate.swift in Sources */,
				618E578D229F0A09002AE331 /* LoginVC.swift in Sources */,
				61F9E58622AFF667009FD0E6 /* DataModel.swift in Sources */,
				618E5777229F02DC002AE331 /* MapVC.swift in Sources */,
				61F9E57A22AEDA1B009FD0E6 /* LoginResponse.swift in Sources */,
				61F9E58422AFF1DB009FD0E6 /* UdacityClient.swift in Sources */,
			);
			runOnlyForDeploymentPostprocessing = 0;
		};
/* End PBXSourcesBuildPhase section */

/* Begin PBXVariantGroup section */
		618E577A229F02DC002AE331 /* Main.storyboard */ = {
			isa = PBXVariantGroup;
			children = (
				618E577B229F02DC002AE331 /* Base */,
			);
			name = Main.storyboard;
			sourceTree = "<group>";
		};
		618E577F229F02DD002AE331 /* LaunchScreen.storyboard */ = {
			isa = PBXVariantGroup;
			children = (
				618E5780229F02DD002AE331 /* Base */,
			);
			name = LaunchScreen.storyboard;
			sourceTree = "<group>";
		};
/* End PBXVariantGroup section */

/* Begin XCBuildConfiguration section */
		618E5783229F02DD002AE331 /* Debug */ = {
			isa = XCBuildConfiguration;
			buildSettings = {
				ALWAYS_SEARCH_USER_PATHS = NO;
				CLANG_ANALYZER_NONNULL = YES;
				CLANG_ANALYZER_NUMBER_OBJECT_CONVERSION = YES_AGGRESSIVE;
				CLANG_CXX_LANGUAGE_STANDARD = "gnu++14";
				CLANG_CXX_LIBRARY = "libc++";
				CLANG_ENABLE_MODULES = YES;
				CLANG_ENABLE_OBJC_ARC = YES;
				CLANG_ENABLE_OBJC_WEAK = YES;
				CLANG_WARN_BLOCK_CAPTURE_AUTORELEASING = YES;
				CLANG_WARN_BOOL_CONVERSION = YES;
				CLANG_WARN_COMMA = YES;
				CLANG_WARN_CONSTANT_CONVERSION = YES;
				CLANG_WARN_DEPRECATED_OBJC_IMPLEMENTATIONS = YES;
				CLANG_WARN_DIRECT_OBJC_ISA_USAGE = YES_ERROR;
				CLANG_WARN_DOCUMENTATION_COMMENTS = YES;
				CLANG_WARN_EMPTY_BODY = YES;
				CLANG_WARN_ENUM_CONVERSION = YES;
				CLANG_WARN_INFINITE_RECURSION = YES;
				CLANG_WARN_INT_CONVERSION = YES;
				CLANG_WARN_NON_LITERAL_NULL_CONVERSION = YES;
				CLANG_WARN_OBJC_IMPLICIT_RETAIN_SELF = YES;
				CLANG_WARN_OBJC_LITERAL_CONVERSION = YES;
				CLANG_WARN_OBJC_ROOT_CLASS = YES_ERROR;
				CLANG_WARN_RANGE_LOOP_ANALYSIS = YES;
				CLANG_WARN_STRICT_PROTOTYPES = YES;
				CLANG_WARN_SUSPICIOUS_MOVE = YES;
				CLANG_WARN_UNGUARDED_AVAILABILITY = YES_AGGRESSIVE;
				CLANG_WARN_UNREACHABLE_CODE = YES;
				CLANG_WARN__DUPLICATE_METHOD_MATCH = YES;
				CODE_SIGN_IDENTITY = "iPhone Developer";
				COPY_PHASE_STRIP = NO;
				DEBUG_INFORMATION_FORMAT = dwarf;
				ENABLE_STRICT_OBJC_MSGSEND = YES;
				ENABLE_TESTABILITY = YES;
				GCC_C_LANGUAGE_STANDARD = gnu11;
				GCC_DYNAMIC_NO_PIC = NO;
				GCC_NO_COMMON_BLOCKS = YES;
				GCC_OPTIMIZATION_LEVEL = 0;
				GCC_PREPROCESSOR_DEFINITIONS = (
					"DEBUG=1",
					"$(inherited)",
				);
				GCC_WARN_64_TO_32_BIT_CONVERSION = YES;
				GCC_WARN_ABOUT_RETURN_TYPE = YES_ERROR;
				GCC_WARN_UNDECLARED_SELECTOR = YES;
				GCC_WARN_UNINITIALIZED_AUTOS = YES_AGGRESSIVE;
				GCC_WARN_UNUSED_FUNCTION = YES;
				GCC_WARN_UNUSED_VARIABLE = YES;
				IPHONEOS_DEPLOYMENT_TARGET = 12.1;
				MTL_ENABLE_DEBUG_INFO = INCLUDE_SOURCE;
				MTL_FAST_MATH = YES;
				ONLY_ACTIVE_ARCH = YES;
				SDKROOT = iphoneos;
				SWIFT_ACTIVE_COMPILATION_CONDITIONS = DEBUG;
				SWIFT_OPTIMIZATION_LEVEL = "-Onone";
			};
			name = Debug;
		};
		618E5784229F02DD002AE331 /* Release */ = {
			isa = XCBuildConfiguration;
			buildSettings = {
				ALWAYS_SEARCH_USER_PATHS = NO;
				CLANG_ANALYZER_NONNULL = YES;
				CLANG_ANALYZER_NUMBER_OBJECT_CONVERSION = YES_AGGRESSIVE;
				CLANG_CXX_LANGUAGE_STANDARD = "gnu++14";
				CLANG_CXX_LIBRARY = "libc++";
				CLANG_ENABLE_MODULES = YES;
				CLANG_ENABLE_OBJC_ARC = YES;
				CLANG_ENABLE_OBJC_WEAK = YES;
				CLANG_WARN_BLOCK_CAPTURE_AUTORELEASING = YES;
				CLANG_WARN_BOOL_CONVERSION = YES;
				CLANG_WARN_COMMA = YES;
				CLANG_WARN_CONSTANT_CONVERSION = YES;
				CLANG_WARN_DEPRECATED_OBJC_IMPLEMENTATIONS = YES;
				CLANG_WARN_DIRECT_OBJC_ISA_USAGE = YES_ERROR;
				CLANG_WARN_DOCUMENTATION_COMMENTS = YES;
				CLANG_WARN_EMPTY_BODY = YES;
				CLANG_WARN_ENUM_CONVERSION = YES;
				CLANG_WARN_INFINITE_RECURSION = YES;
				CLANG_WARN_INT_CONVERSION = YES;
				CLANG_WARN_NON_LITERAL_NULL_CONVERSION = YES;
				CLANG_WARN_OBJC_IMPLICIT_RETAIN_SELF = YES;
				CLANG_WARN_OBJC_LITERAL_CONVERSION = YES;
				CLANG_WARN_OBJC_ROOT_CLASS = YES_ERROR;
				CLANG_WARN_RANGE_LOOP_ANALYSIS = YES;
				CLANG_WARN_STRICT_PROTOTYPES = YES;
				CLANG_WARN_SUSPICIOUS_MOVE = YES;
				CLANG_WARN_UNGUARDED_AVAILABILITY = YES_AGGRESSIVE;
				CLANG_WARN_UNREACHABLE_CODE = YES;
				CLANG_WARN__DUPLICATE_METHOD_MATCH = YES;
				CODE_SIGN_IDENTITY = "iPhone Developer";
				COPY_PHASE_STRIP = NO;
				DEBUG_INFORMATION_FORMAT = "dwarf-with-dsym";
				ENABLE_NS_ASSERTIONS = NO;
				ENABLE_STRICT_OBJC_MSGSEND = YES;
				GCC_C_LANGUAGE_STANDARD = gnu11;
				GCC_NO_COMMON_BLOCKS = YES;
				GCC_WARN_64_TO_32_BIT_CONVERSION = YES;
				GCC_WARN_ABOUT_RETURN_TYPE = YES_ERROR;
				GCC_WARN_UNDECLARED_SELECTOR = YES;
				GCC_WARN_UNINITIALIZED_AUTOS = YES_AGGRESSIVE;
				GCC_WARN_UNUSED_FUNCTION = YES;
				GCC_WARN_UNUSED_VARIABLE = YES;
				IPHONEOS_DEPLOYMENT_TARGET = 12.1;
				MTL_ENABLE_DEBUG_INFO = NO;
				MTL_FAST_MATH = YES;
				SDKROOT = iphoneos;
				SWIFT_COMPILATION_MODE = wholemodule;
				SWIFT_OPTIMIZATION_LEVEL = "-O";
				VALIDATE_PRODUCT = YES;
			};
			name = Release;
		};
		618E5786229F02DD002AE331 /* Debug */ = {
			isa = XCBuildConfiguration;
			buildSettings = {
				ASSETCATALOG_COMPILER_APPICON_NAME = AppIcon;
				CODE_SIGN_STYLE = Automatic;
				DEVELOPMENT_TEAM = X7KL4WJBFP;
				INFOPLIST_FILE = "On The Map/Info.plist";
				LD_RUNPATH_SEARCH_PATHS = (
					"$(inherited)",
					"@executable_path/Frameworks",
				);
				PRODUCT_BUNDLE_IDENTIFIER = "com.udacity.On-The-Map";
				PRODUCT_NAME = "$(TARGET_NAME)";
				SWIFT_VERSION = 4.2;
				TARGETED_DEVICE_FAMILY = "1,2";
			};
			name = Debug;
		};
		618E5787229F02DD002AE331 /* Release */ = {
			isa = XCBuildConfiguration;
			buildSettings = {
				ASSETCATALOG_COMPILER_APPICON_NAME = AppIcon;
				CODE_SIGN_STYLE = Automatic;
				DEVELOPMENT_TEAM = X7KL4WJBFP;
				INFOPLIST_FILE = "On The Map/Info.plist";
				LD_RUNPATH_SEARCH_PATHS = (
					"$(inherited)",
					"@executable_path/Frameworks",
				);
				PRODUCT_BUNDLE_IDENTIFIER = "com.udacity.On-The-Map";
				PRODUCT_NAME = "$(TARGET_NAME)";
				SWIFT_VERSION = 4.2;
				TARGETED_DEVICE_FAMILY = "1,2";
			};
			name = Release;
		};
/* End XCBuildConfiguration section */

/* Begin XCConfigurationList section */
		618E576C229F02DB002AE331 /* Build configuration list for PBXProject "On The Map" */ = {
			isa = XCConfigurationList;
			buildConfigurations = (
				618E5783229F02DD002AE331 /* Debug */,
				618E5784229F02DD002AE331 /* Release */,
			);
			defaultConfigurationIsVisible = 0;
			defaultConfigurationName = Release;
		};
		618E5785229F02DD002AE331 /* Build configuration list for PBXNativeTarget "On The Map" */ = {
			isa = XCConfigurationList;
			buildConfigurations = (
				618E5786229F02DD002AE331 /* Debug */,
				618E5787229F02DD002AE331 /* Release */,
			);
			defaultConfigurationIsVisible = 0;
			defaultConfigurationName = Release;
		};
/* End XCConfigurationList section */
	};
	rootObject = 618E5769229F02DB002AE331 /* Project object */;
}
