// !$*UTF8*$!
{
	archiveVersion = 1;
	classes = {
	};
	objectVersion = 50;
	objects = {

/* Begin PBXBuildFile section */
		6172C79D22E16240002EEDA3 /* DataController.swift in Sources */ = {isa = PBXBuildFile; fileRef = 6172C79C22E16240002EEDA3 /* DataController.swift */; };
		6184B43622CA7098007AECC1 /* AppDelegate.swift in Sources */ = {isa = PBXBuildFile; fileRef = 6184B43522CA7098007AECC1 /* AppDelegate.swift */; };
		6184B43822CA7098007AECC1 /* MapVC.swift in Sources */ = {isa = PBXBuildFile; fileRef = 6184B43722CA7098007AECC1 /* MapVC.swift */; };
		6184B43B22CA7098007AECC1 /* Main.storyboard in Resources */ = {isa = PBXBuildFile; fileRef = 6184B43922CA7098007AECC1 /* Main.storyboard */; };
		6184B43E22CA7098007AECC1 /* Virtual_Tourist.xcdatamodeld in Sources */ = {isa = PBXBuildFile; fileRef = 6184B43C22CA7098007AECC1 /* Virtual_Tourist.xcdatamodeld */; };
		6184B44022CA709D007AECC1 /* Assets.xcassets in Resources */ = {isa = PBXBuildFile; fileRef = 6184B43F22CA709D007AECC1 /* Assets.xcassets */; };
		6184B44322CA709D007AECC1 /* LaunchScreen.storyboard in Resources */ = {isa = PBXBuildFile; fileRef = 6184B44122CA709D007AECC1 /* LaunchScreen.storyboard */; };
		6184B45222CA8290007AECC1 /* FlickerClient.swift in Sources */ = {isa = PBXBuildFile; fileRef = 6184B45122CA8290007AECC1 /* FlickerClient.swift */; };
		6184B45422CA82AA007AECC1 /* GetPhotoListResponse.swift in Sources */ = {isa = PBXBuildFile; fileRef = 6184B45322CA82AA007AECC1 /* GetPhotoListResponse.swift */; };
		61FC9A9F22CA8CDF009DB8AB /* PhotoAlbumVC.swift in Sources */ = {isa = PBXBuildFile; fileRef = 61FC9A9E22CA8CDF009DB8AB /* PhotoAlbumVC.swift */; };
		61FC9AA122CA8FAB009DB8AB /* GetPhotoInfoResponse.swift in Sources */ = {isa = PBXBuildFile; fileRef = 61FC9AA022CA8FAB009DB8AB /* GetPhotoInfoResponse.swift */; };
/* End PBXBuildFile section */

/* Begin PBXFileReference section */
		6172C79C22E16240002EEDA3 /* DataController.swift */ = {isa = PBXFileReference; lastKnownFileType = sourcecode.swift; path = DataController.swift; sourceTree = "<group>"; };
		6184B43222CA7098007AECC1 /* Virtual Tourist.app */ = {isa = PBXFileReference; explicitFileType = wrapper.application; includeInIndex = 0; path = "Virtual Tourist.app"; sourceTree = BUILT_PRODUCTS_DIR; };
		6184B43522CA7098007AECC1 /* AppDelegate.swift */ = {isa = PBXFileReference; lastKnownFileType = sourcecode.swift; path = AppDelegate.swift; sourceTree = "<group>"; };
		6184B43722CA7098007AECC1 /* MapVC.swift */ = {isa = PBXFileReference; lastKnownFileType = sourcecode.swift; path = MapVC.swift; sourceTree = "<group>"; };
		6184B43A22CA7098007AECC1 /* Base */ = {isa = PBXFileReference; lastKnownFileType = file.storyboard; name = Base; path = Base.lproj/Main.storyboard; sourceTree = "<group>"; };
		6184B43D22CA7098007AECC1 /* Virtual_Tourist.xcdatamodel */ = {isa = PBXFileReference; lastKnownFileType = wrapper.xcdatamodel; path = Virtual_Tourist.xcdatamodel; sourceTree = "<group>"; };
		6184B43F22CA709D007AECC1 /* Assets.xcassets */ = {isa = PBXFileReference; lastKnownFileType = folder.assetcatalog; path = Assets.xcassets; sourceTree = "<group>"; };
		6184B44222CA709D007AECC1 /* Base */ = {isa = PBXFileReference; lastKnownFileType = file.storyboard; name = Base; path = Base.lproj/LaunchScreen.storyboard; sourceTree = "<group>"; };
		6184B44422CA709D007AECC1 /* Info.plist */ = {isa = PBXFileReference; lastKnownFileType = text.plist.xml; path = Info.plist; sourceTree = "<group>"; };
		6184B45122CA8290007AECC1 /* FlickerClient.swift */ = {isa = PBXFileReference; lastKnownFileType = sourcecode.swift; path = FlickerClient.swift; sourceTree = "<group>"; };
		6184B45322CA82AA007AECC1 /* GetPhotoListResponse.swift */ = {isa = PBXFileReference; lastKnownFileType = sourcecode.swift; path = GetPhotoListResponse.swift; sourceTree = "<group>"; };
		61FC9A9E22CA8CDF009DB8AB /* PhotoAlbumVC.swift */ = {isa = PBXFileReference; lastKnownFileType = sourcecode.swift; path = PhotoAlbumVC.swift; sourceTree = "<group>"; };
		61FC9AA022CA8FAB009DB8AB /* GetPhotoInfoResponse.swift */ = {isa = PBXFileReference; lastKnownFileType = sourcecode.swift; path = GetPhotoInfoResponse.swift; sourceTree = "<group>"; };
/* End PBXFileReference section */

/* Begin PBXFrameworksBuildPhase section */
		6184B42F22CA7098007AECC1 /* Frameworks */ = {
			isa = PBXFrameworksBuildPhase;
			buildActionMask = 2147483647;
			files = (
			);
			runOnlyForDeploymentPostprocessing = 0;
		};
/* End PBXFrameworksBuildPhase section */

/* Begin PBXGroup section */
		6184B42922CA7098007AECC1 = {
			isa = PBXGroup;
			children = (
				6184B43422CA7098007AECC1 /* Virtual Tourist */,
				6184B43322CA7098007AECC1 /* Products */,
			);
			sourceTree = "<group>";
		};
		6184B43322CA7098007AECC1 /* Products */ = {
			isa = PBXGroup;
			children = (
				6184B43222CA7098007AECC1 /* Virtual Tourist.app */,
			);
			name = Products;
			sourceTree = "<group>";
		};
		6184B43422CA7098007AECC1 /* Virtual Tourist */ = {
			isa = PBXGroup;
			children = (
				6184B45022CA8278007AECC1 /* Flicker Client */,
				6184B44D22CA70E6007AECC1 /* Assets */,
				6184B44C22CA70E1007AECC1 /* Controller */,
				6184B44B22CA70DA007AECC1 /* View */,
				6184B44A22CA70D2007AECC1 /* Model */,
				6184B43522CA7098007AECC1 /* AppDelegate.swift */,
				6184B43F22CA709D007AECC1 /* Assets.xcassets */,
				6184B44122CA709D007AECC1 /* LaunchScreen.storyboard */,
				6184B44422CA709D007AECC1 /* Info.plist */,
				6184B43C22CA7098007AECC1 /* Virtual_Tourist.xcdatamodeld */,
			);
			path = "Virtual Tourist";
			sourceTree = "<group>";
		};
		6184B44A22CA70D2007AECC1 /* Model */ = {
			isa = PBXGroup;
			children = (
				6184B45322CA82AA007AECC1 /* GetPhotoListResponse.swift */,
				61FC9AA022CA8FAB009DB8AB /* GetPhotoInfoResponse.swift */,
				6172C79C22E16240002EEDA3 /* DataController.swift */,
			);
			path = Model;
			sourceTree = "<group>";
		};
		6184B44B22CA70DA007AECC1 /* View */ = {
			isa = PBXGroup;
			children = (
			);
			path = View;
			sourceTree = "<group>";
		};
		6184B44C22CA70E1007AECC1 /* Controller */ = {
			isa = PBXGroup;
			children = (
				6184B43722CA7098007AECC1 /* MapVC.swift */,
				61FC9A9E22CA8CDF009DB8AB /* PhotoAlbumVC.swift */,
			);
			path = Controller;
			sourceTree = "<group>";
		};
		6184B44D22CA70E6007AECC1 /* Assets */ = {
			isa = PBXGroup;
			children = (
				6184B43922CA7098007AECC1 /* Main.storyboard */,
			);
			path = Assets;
			sourceTree = "<group>";
		};
		6184B45022CA8278007AECC1 /* Flicker Client */ = {
			isa = PBXGroup;
			children = (
				6184B45122CA8290007AECC1 /* FlickerClient.swift */,
			);
			path = "Flicker Client";
			sourceTree = "<group>";
		};
/* End PBXGroup section */

/* Begin PBXNativeTarget section */
		6184B43122CA7098007AECC1 /* Virtual Tourist */ = {
			isa = PBXNativeTarget;
			buildConfigurationList = 6184B44722CA709D007AECC1 /* Build configuration list for PBXNativeTarget "Virtual Tourist" */;
			buildPhases = (
				6184B42E22CA7098007AECC1 /* Sources */,
				6184B42F22CA7098007AECC1 /* Frameworks */,
				6184B43022CA7098007AECC1 /* Resources */,
			);
			buildRules = (
			);
			dependencies = (
			);
			name = "Virtual Tourist";
			productName = "Virtual Tourist";
			productReference = 6184B43222CA7098007AECC1 /* Virtual Tourist.app */;
			productType = "com.apple.product-type.application";
		};
/* End PBXNativeTarget section */

/* Begin PBXProject section */
		6184B42A22CA7098007AECC1 /* Project object */ = {
			isa = PBXProject;
			attributes = {
				LastSwiftUpdateCheck = 1020;
				LastUpgradeCheck = 1020;
				ORGANIZATIONNAME = "Sam Rich";
				TargetAttributes = {
					6184B43122CA7098007AECC1 = {
						CreatedOnToolsVersion = 10.2.1;
					};
				};
			};
			buildConfigurationList = 6184B42D22CA7098007AECC1 /* Build configuration list for PBXProject "Virtual Tourist" */;
			compatibilityVersion = "Xcode 9.3";
			developmentRegion = en;
			hasScannedForEncodings = 0;
			knownRegions = (
				en,
				Base,
			);
			mainGroup = 6184B42922CA7098007AECC1;
			productRefGroup = 6184B43322CA7098007AECC1 /* Products */;
			projectDirPath = "";
			projectRoot = "";
			targets = (
				6184B43122CA7098007AECC1 /* Virtual Tourist */,
			);
		};
/* End PBXProject section */

/* Begin PBXResourcesBuildPhase section */
		6184B43022CA7098007AECC1 /* Resources */ = {
			isa = PBXResourcesBuildPhase;
			buildActionMask = 2147483647;
			files = (
				6184B44322CA709D007AECC1 /* LaunchScreen.storyboard in Resources */,
				6184B44022CA709D007AECC1 /* Assets.xcassets in Resources */,
				6184B43B22CA7098007AECC1 /* Main.storyboard in Resources */,
			);
			runOnlyForDeploymentPostprocessing = 0;
		};
/* End PBXResourcesBuildPhase section */

/* Begin PBXSourcesBuildPhase section */
		6184B42E22CA7098007AECC1 /* Sources */ = {
			isa = PBXSourcesBuildPhase;
			buildActionMask = 2147483647;
			files = (
				61FC9A9F22CA8CDF009DB8AB /* PhotoAlbumVC.swift in Sources */,
				6184B45222CA8290007AECC1 /* FlickerClient.swift in Sources */,
				61FC9AA122CA8FAB009DB8AB /* GetPhotoInfoResponse.swift in Sources */,
				6184B43822CA7098007AECC1 /* MapVC.swift in Sources */,
				6184B43E22CA7098007AECC1 /* Virtual_Tourist.xcdatamodeld in Sources */,
				6172C79D22E16240002EEDA3 /* DataController.swift in Sources */,
				6184B45422CA82AA007AECC1 /* GetPhotoListResponse.swift in Sources */,
				6184B43622CA7098007AECC1 /* AppDelegate.swift in Sources */,
			);
			runOnlyForDeploymentPostprocessing = 0;
		};
/* End PBXSourcesBuildPhase section */

/* Begin PBXVariantGroup section */
		6184B43922CA7098007AECC1 /* Main.storyboard */ = {
			isa = PBXVariantGroup;
			children = (
				6184B43A22CA7098007AECC1 /* Base */,
			);
			name = Main.storyboard;
			sourceTree = "<group>";
		};
		6184B44122CA709D007AECC1 /* LaunchScreen.storyboard */ = {
			isa = PBXVariantGroup;
			children = (
				6184B44222CA709D007AECC1 /* Base */,
			);
			name = LaunchScreen.storyboard;
			sourceTree = "<group>";
		};
/* End PBXVariantGroup section */

/* Begin XCBuildConfiguration section */
		6184B44522CA709D007AECC1 /* Debug */ = {
			isa = XCBuildConfiguration;
			buildSettings = {
				ALWAYS_SEARCH_USER_PATHS = NO;
				CLANG_ANALYZER_NONNULL = YES;
				CLANG_ANALYZER_NUMBER_OBJECT_CONVERSION = YES_AGGRESSIVE;
				CLANG_CXX_LANGUAGE_STANDARD = "gnu++14";
				CLANG_CXX_LIBRARY = "libc++";
				CLANG_ENABLE_MODULES = YES;
				CLANG_ENABLE_OBJC_ARC = YES;
				CLANG_ENABLE_OBJC_WEAK = YES;
				CLANG_WARN_BLOCK_CAPTURE_AUTORELEASING = YES;
				CLANG_WARN_BOOL_CONVERSION = YES;
				CLANG_WARN_COMMA = YES;
				CLANG_WARN_CONSTANT_CONVERSION = YES;
				CLANG_WARN_DEPRECATED_OBJC_IMPLEMENTATIONS = YES;
				CLANG_WARN_DIRECT_OBJC_ISA_USAGE = YES_ERROR;
				CLANG_WARN_DOCUMENTATION_COMMENTS = YES;
				CLANG_WARN_EMPTY_BODY = YES;
				CLANG_WARN_ENUM_CONVERSION = YES;
				CLANG_WARN_INFINITE_RECURSION = YES;
				CLANG_WARN_INT_CONVERSION = YES;
				CLANG_WARN_NON_LITERAL_NULL_CONVERSION = YES;
				CLANG_WARN_OBJC_IMPLICIT_RETAIN_SELF = YES;
				CLANG_WARN_OBJC_LITERAL_CONVERSION = YES;
				CLANG_WARN_OBJC_ROOT_CLASS = YES_ERROR;
				CLANG_WARN_RANGE_LOOP_ANALYSIS = YES;
				CLANG_WARN_STRICT_PROTOTYPES = YES;
				CLANG_WARN_SUSPICIOUS_MOVE = YES;
				CLANG_WARN_UNGUARDED_AVAILABILITY = YES_AGGRESSIVE;
				CLANG_WARN_UNREACHABLE_CODE = YES;
				CLANG_WARN__DUPLICATE_METHOD_MATCH = YES;
				CODE_SIGN_IDENTITY = "iPhone Developer";
				COPY_PHASE_STRIP = NO;
				DEBUG_INFORMATION_FORMAT = dwarf;
				ENABLE_STRICT_OBJC_MSGSEND = YES;
				ENABLE_TESTABILITY = YES;
				GCC_C_LANGUAGE_STANDARD = gnu11;
				GCC_DYNAMIC_NO_PIC = NO;
				GCC_NO_COMMON_BLOCKS = YES;
				GCC_OPTIMIZATION_LEVEL = 0;
				GCC_PREPROCESSOR_DEFINITIONS = (
					"DEBUG=1",
					"$(inherited)",
				);
				GCC_WARN_64_TO_32_BIT_CONVERSION = YES;
				GCC_WARN_ABOUT_RETURN_TYPE = YES_ERROR;
				GCC_WARN_UNDECLARED_SELECTOR = YES;
				GCC_WARN_UNINITIALIZED_AUTOS = YES_AGGRESSIVE;
				GCC_WARN_UNUSED_FUNCTION = YES;
				GCC_WARN_UNUSED_VARIABLE = YES;
				IPHONEOS_DEPLOYMENT_TARGET = 12.2;
				MTL_ENABLE_DEBUG_INFO = INCLUDE_SOURCE;
				MTL_FAST_MATH = YES;
				ONLY_ACTIVE_ARCH = YES;
				SDKROOT = iphoneos;
				SWIFT_ACTIVE_COMPILATION_CONDITIONS = DEBUG;
				SWIFT_OPTIMIZATION_LEVEL = "-Onone";
			};
			name = Debug;
		};
		6184B44622CA709D007AECC1 /* Release */ = {
			isa = XCBuildConfiguration;
			buildSettings = {
				ALWAYS_SEARCH_USER_PATHS = NO;
				CLANG_ANALYZER_NONNULL = YES;
				CLANG_ANALYZER_NUMBER_OBJECT_CONVERSION = YES_AGGRESSIVE;
				CLANG_CXX_LANGUAGE_STANDARD = "gnu++14";
				CLANG_CXX_LIBRARY = "libc++";
				CLANG_ENABLE_MODULES = YES;
				CLANG_ENABLE_OBJC_ARC = YES;
				CLANG_ENABLE_OBJC_WEAK = YES;
				CLANG_WARN_BLOCK_CAPTURE_AUTORELEASING = YES;
				CLANG_WARN_BOOL_CONVERSION = YES;
				CLANG_WARN_COMMA = YES;
				CLANG_WARN_CONSTANT_CONVERSION = YES;
				CLANG_WARN_DEPRECATED_OBJC_IMPLEMENTATIONS = YES;
				CLANG_WARN_DIRECT_OBJC_ISA_USAGE = YES_ERROR;
				CLANG_WARN_DOCUMENTATION_COMMENTS = YES;
				CLANG_WARN_EMPTY_BODY = YES;
				CLANG_WARN_ENUM_CONVERSION = YES;
				CLANG_WARN_INFINITE_RECURSION = YES;
				CLANG_WARN_INT_CONVERSION = YES;
				CLANG_WARN_NON_LITERAL_NULL_CONVERSION = YES;
				CLANG_WARN_OBJC_IMPLICIT_RETAIN_SELF = YES;
				CLANG_WARN_OBJC_LITERAL_CONVERSION = YES;
				CLANG_WARN_OBJC_ROOT_CLASS = YES_ERROR;
				CLANG_WARN_RANGE_LOOP_ANALYSIS = YES;
				CLANG_WARN_STRICT_PROTOTYPES = YES;
				CLANG_WARN_SUSPICIOUS_MOVE = YES;
				CLANG_WARN_UNGUARDED_AVAILABILITY = YES_AGGRESSIVE;
				CLANG_WARN_UNREACHABLE_CODE = YES;
				CLANG_WARN__DUPLICATE_METHOD_MATCH = YES;
				CODE_SIGN_IDENTITY = "iPhone Developer";
				COPY_PHASE_STRIP = NO;
				DEBUG_INFORMATION_FORMAT = "dwarf-with-dsym";
				ENABLE_NS_ASSERTIONS = NO;
				ENABLE_STRICT_OBJC_MSGSEND = YES;
				GCC_C_LANGUAGE_STANDARD = gnu11;
				GCC_NO_COMMON_BLOCKS = YES;
				GCC_WARN_64_TO_32_BIT_CONVERSION = YES;
				GCC_WARN_ABOUT_RETURN_TYPE = YES_ERROR;
				GCC_WARN_UNDECLARED_SELECTOR = YES;
				GCC_WARN_UNINITIALIZED_AUTOS = YES_AGGRESSIVE;
				GCC_WARN_UNUSED_FUNCTION = YES;
				GCC_WARN_UNUSED_VARIABLE = YES;
				IPHONEOS_DEPLOYMENT_TARGET = 12.2;
				MTL_ENABLE_DEBUG_INFO = NO;
				MTL_FAST_MATH = YES;
				SDKROOT = iphoneos;
				SWIFT_COMPILATION_MODE = wholemodule;
				SWIFT_OPTIMIZATION_LEVEL = "-O";
				VALIDATE_PRODUCT = YES;
			};
			name = Release;
		};
		6184B44822CA709D007AECC1 /* Debug */ = {
			isa = XCBuildConfiguration;
			buildSettings = {
				ASSETCATALOG_COMPILER_APPICON_NAME = AppIcon;
				CODE_SIGN_STYLE = Automatic;
				DEVELOPMENT_TEAM = X7KL4WJBFP;
				INFOPLIST_FILE = "Virtual Tourist/Info.plist";
				LD_RUNPATH_SEARCH_PATHS = (
					"$(inherited)",
					"@executable_path/Frameworks",
				);
				PRODUCT_BUNDLE_IDENTIFIER = "com.udacity.Virtual-Tourist";
				PRODUCT_NAME = "$(TARGET_NAME)";
				SWIFT_VERSION = 5.0;
				TARGETED_DEVICE_FAMILY = "1,2";
			};
			name = Debug;
		};
		6184B44922CA709D007AECC1 /* Release */ = {
			isa = XCBuildConfiguration;
			buildSettings = {
				ASSETCATALOG_COMPILER_APPICON_NAME = AppIcon;
				CODE_SIGN_STYLE = Automatic;
				DEVELOPMENT_TEAM = X7KL4WJBFP;
				INFOPLIST_FILE = "Virtual Tourist/Info.plist";
				LD_RUNPATH_SEARCH_PATHS = (
					"$(inherited)",
					"@executable_path/Frameworks",
				);
				PRODUCT_BUNDLE_IDENTIFIER = "com.udacity.Virtual-Tourist";
				PRODUCT_NAME = "$(TARGET_NAME)";
				SWIFT_VERSION = 5.0;
				TARGETED_DEVICE_FAMILY = "1,2";
			};
			name = Release;
		};
/* End XCBuildConfiguration section */

/* Begin XCConfigurationList section */
		6184B42D22CA7098007AECC1 /* Build configuration list for PBXProject "Virtual Tourist" */ = {
			isa = XCConfigurationList;
			buildConfigurations = (
				6184B44522CA709D007AECC1 /* Debug */,
				6184B44622CA709D007AECC1 /* Release */,
			);
			defaultConfigurationIsVisible = 0;
			defaultConfigurationName = Release;
		};
		6184B44722CA709D007AECC1 /* Build configuration list for PBXNativeTarget "Virtual Tourist" */ = {
			isa = XCConfigurationList;
			buildConfigurations = (
				6184B44822CA709D007AECC1 /* Debug */,
				6184B44922CA709D007AECC1 /* Release */,
			);
			defaultConfigurationIsVisible = 0;
			defaultConfigurationName = Release;
		};
/* End XCConfigurationList section */

/* Begin XCVersionGroup section */
		6184B43C22CA7098007AECC1 /* Virtual_Tourist.xcdatamodeld */ = {
			isa = XCVersionGroup;
			children = (
				6184B43D22CA7098007AECC1 /* Virtual_Tourist.xcdatamodel */,
			);
			currentVersion = 6184B43D22CA7098007AECC1 /* Virtual_Tourist.xcdatamodel */;
			path = Virtual_Tourist.xcdatamodeld;
			sourceTree = "<group>";
			versionGroupType = wrapper.xcdatamodel;
		};
/* End XCVersionGroup section */
	};
	rootObject = 6184B42A22CA7098007AECC1 /* Project object */;
}
